
Microsoft Visual Studio Solution File, Format Version 12.00
# Visual Studio Version 16
VisualStudioVersion = 16.0.29519.87
MinimumVisualStudioVersion = 10.0.40219.1
Project("{8BC9CEB8-8B4A-11D0-8D11-00A0C91BC942}") = "C-Graph", "C-Graph\C-Graph.vcxproj", "{BECF085A-D705-4274-AF89-5833D4A3C1BF}"
EndProject
Global
	GlobalSection(SolutionConfigurationPlatforms) = preSolution
		Debug|x64 = Debug|x64
		Debug|x86 = Debug|x86
		Release|x64 = Release|x64
		Release|x86 = Release|x86
	EndGlobalSection
	GlobalSection(ProjectConfigurationPlatforms) = postSolution
		{BECF085A-D705-4274-AF89-5833D4A3C1BF}.Debug|x64.ActiveCfg = Debug|x64
		{BECF085A-D705-4274-AF89-5833D4A3C1BF}.Debug|x64.Build.0 = Debug|x64
		{BECF085A-D705-4274-AF89-5833D4A3C1BF}.Debug|x86.ActiveCfg = Debug|Win32
		{BECF085A-D705-4274-AF89-5833D4A3C1BF}.Debug|x86.Build.0 = Debug|Win32
		{BECF085A-D705-4274-AF89-5833D4A3C1BF}.Release|x64.ActiveCfg = Release|x64
		{BECF085A-D705-4274-AF89-5833D4A3C1BF}.Release|x64.Build.0 = Release|x64
		{BECF085A-D705-4274-AF89-5833D4A3C1BF}.Release|x86.ActiveCfg = Release|Win32
		{BECF085A-D705-4274-AF89-5833D4A3C1BF}.Release|x86.Build.0 = Release|Win32
	EndGlobalSection
	GlobalSection(SolutionProperties) = preSolution
		HideSolutionNode = FALSE
	EndGlobalSection
	GlobalSection(ExtensibilityGlobals) = postSolution
		SolutionGuid = {828FD939-4BF3-4BC5-A235-C22CF7CA3C85}
	EndGlobalSection
EndGlobal
